
Microsoft Visual Studio Solution File, Format Version 12.00
# Visual Studio 15
VisualStudioVersion = 15.0.27428.2015
MinimumVisualStudioVersion = 10.0.40219.1
Project("{FAE04EC0-301F-11D3-BF4B-00C04F79EFBC}") = "WeatherService.Test", "WeatherService.Test\WeatherService.Test.csproj", "{D658739C-B7E1-43C2-9AB9-EB364F754557}"
EndProject
Project("{FAE04EC0-301F-11D3-BF4B-00C04F79EFBC}") = "WeatherService", "WeatherService\WeatherService.csproj", "{89BE0DE2-2561-4F7E-AD28-7CD9E755C14E}"
EndProject
Global
	GlobalSection(SolutionConfigurationPlatforms) = preSolution
		Debug|Any CPU = Debug|Any CPU
		Release|Any CPU = Release|Any CPU
	EndGlobalSection
	GlobalSection(ProjectConfigurationPlatforms) = postSolution
		{D658739C-B7E1-43C2-9AB9-EB364F754557}.Debug|Any CPU.ActiveCfg = Debug|Any CPU
		{D658739C-B7E1-43C2-9AB9-EB364F754557}.Debug|Any CPU.Build.0 = Debug|Any CPU
		{D658739C-B7E1-43C2-9AB9-EB364F754557}.Release|Any CPU.ActiveCfg = Release|Any CPU
		{D658739C-B7E1-43C2-9AB9-EB364F754557}.Release|Any CPU.Build.0 = Release|Any CPU
		{89BE0DE2-2561-4F7E-AD28-7CD9E755C14E}.Debug|Any CPU.ActiveCfg = Debug|Any CPU
		{89BE0DE2-2561-4F7E-AD28-7CD9E755C14E}.Debug|Any CPU.Build.0 = Debug|Any CPU
		{89BE0DE2-2561-4F7E-AD28-7CD9E755C14E}.Release|Any CPU.ActiveCfg = Release|Any CPU
		{89BE0DE2-2561-4F7E-AD28-7CD9E755C14E}.Release|Any CPU.Build.0 = Release|Any CPU
	EndGlobalSection
	GlobalSection(SolutionProperties) = preSolution
		HideSolutionNode = FALSE
	EndGlobalSection
	GlobalSection(ExtensibilityGlobals) = postSolution
		SolutionGuid = {D92892C2-28EF-460C-9CFF-6E4D001C6820}
	EndGlobalSection
EndGlobal
